# This file is automatically @generated by Poetry and should not be changed by hand.

[[package]]
name = "nuitka"
version = "1.4.8"
description = "Python compiler with full language support and CPython compatibility"
category = "main"
optional = false
python-versions = "*"
files = [
    {file = "Nuitka-1.4.8.tar.gz", hash = "sha256:5867dd7fb481be50c5244fede2e21d3b73593d32d9853cf15fc87222c30fe67e"},
]

[[package]]
name = "ordered-set"
version = "4.1.0"
description = "An OrderedSet is a custom MutableSet that remembers its order, so that every"
category = "dev"
optional = false
python-versions = ">=3.7"
files = [
    {file = "ordered-set-4.1.0.tar.gz", hash = "sha256:694a8e44c87657c59292ede72891eb91d34131f6531463aab3009191c77364a8"},
    {file = "ordered_set-4.1.0-py3-none-any.whl", hash = "sha256:046e1132c71fcf3330438a539928932caf51ddbc582496833e23de611de14562"},
]

[package.extras]
dev = ["black", "mypy", "pytest"]

[metadata]
lock-version = "2.0"
python-versions = "^3.10"
content-hash = "d7f2b0db48b03a236e933d279127452a0ab54051b830d5261456241c5788c3cf"
